
Microsoft Visual Studio Solution File, Format Version 12.00
# Visual Studio Version 17
VisualStudioVersion = 17.2.32616.157
MinimumVisualStudioVersion = 10.0.40219.1
Project("{8BC9CEB8-8B4A-11D0-8D11-00A0C91BC942}") = "Banco Pan 2.0", "Banco Pan 2.0.vcxproj", "{B1066B43-BD7D-48AE-882C-5430386D2738}"
EndProject
Global
	GlobalSection(SolutionConfigurationPlatforms) = preSolution
		Debug|x64 = Debug|x64
		Debug|x86 = Debug|x86
		Release|x64 = Release|x64
		Release|x86 = Release|x86
	EndGlobalSection
	GlobalSection(ProjectConfigurationPlatforms) = postSolution
		{B1066B43-BD7D-48AE-882C-5430386D2738}.Debug|x64.ActiveCfg = Debug|x64
		{B1066B43-BD7D-48AE-882C-5430386D2738}.Debug|x64.Build.0 = Debug|x64
		{B1066B43-BD7D-48AE-882C-5430386D2738}.Debug|x86.ActiveCfg = Debug|Win32
		{B1066B43-BD7D-48AE-882C-5430386D2738}.Debug|x86.Build.0 = Debug|Win32
		{B1066B43-BD7D-48AE-882C-5430386D2738}.Release|x64.ActiveCfg = Release|x64
		{B1066B43-BD7D-48AE-882C-5430386D2738}.Release|x64.Build.0 = Release|x64
		{B1066B43-BD7D-48AE-882C-5430386D2738}.Release|x86.ActiveCfg = Release|Win32
		{B1066B43-BD7D-48AE-882C-5430386D2738}.Release|x86.Build.0 = Release|Win32
	EndGlobalSection
	GlobalSection(SolutionProperties) = preSolution
		HideSolutionNode = FALSE
	EndGlobalSection
	GlobalSection(ExtensibilityGlobals) = postSolution
		SolutionGuid = {407B2585-0618-427B-8604-A29A4D809A1A}
	EndGlobalSection
EndGlobal
